
Microsoft Visual Studio Solution File, Format Version 12.00
# Visual Studio Version 16
VisualStudioVersion = 16.0.29613.14
MinimumVisualStudioVersion = 10.0.40219.1
Project("{9A19103F-16F7-4668-BE54-9A1E7A4F7556}") = "ArraySortTest", "ArraySortTest\ArraySortTest.csproj", "{897B9637-7228-42C9-B183-2018D81E19E9}"
EndProject
Project("{9A19103F-16F7-4668-BE54-9A1E7A4F7556}") = "ParallelSort", "ParallelSort\ParallelSort.csproj", "{DAE0B47F-87C7-4CF1-8E7B-3D40D121F294}"
EndProject
Project("{9A19103F-16F7-4668-BE54-9A1E7A4F7556}") = "Run", "Run\Run.csproj", "{7961ECFC-7C3C-4FDA-B608-C777157152B7}"
EndProject
Global
	GlobalSection(SolutionConfigurationPlatforms) = preSolution
		Debug|Any CPU = Debug|Any CPU
		Debug|x64 = Debug|x64
		Release|Any CPU = Release|Any CPU
		Release|x64 = Release|x64
	EndGlobalSection
	GlobalSection(ProjectConfigurationPlatforms) = postSolution
		{897B9637-7228-42C9-B183-2018D81E19E9}.Debug|Any CPU.ActiveCfg = Debug|Any CPU
		{897B9637-7228-42C9-B183-2018D81E19E9}.Debug|Any CPU.Build.0 = Debug|Any CPU
		{897B9637-7228-42C9-B183-2018D81E19E9}.Debug|x64.ActiveCfg = Debug|x64
		{897B9637-7228-42C9-B183-2018D81E19E9}.Debug|x64.Build.0 = Debug|x64
		{897B9637-7228-42C9-B183-2018D81E19E9}.Release|Any CPU.ActiveCfg = Release|Any CPU
		{897B9637-7228-42C9-B183-2018D81E19E9}.Release|Any CPU.Build.0 = Release|Any CPU
		{897B9637-7228-42C9-B183-2018D81E19E9}.Release|x64.ActiveCfg = Release|x64
		{897B9637-7228-42C9-B183-2018D81E19E9}.Release|x64.Build.0 = Release|x64
		{DAE0B47F-87C7-4CF1-8E7B-3D40D121F294}.Debug|Any CPU.ActiveCfg = Debug|Any CPU
		{DAE0B47F-87C7-4CF1-8E7B-3D40D121F294}.Debug|Any CPU.Build.0 = Debug|Any CPU
		{DAE0B47F-87C7-4CF1-8E7B-3D40D121F294}.Debug|x64.ActiveCfg = Debug|x64
		{DAE0B47F-87C7-4CF1-8E7B-3D40D121F294}.Debug|x64.Build.0 = Debug|x64
		{DAE0B47F-87C7-4CF1-8E7B-3D40D121F294}.Release|Any CPU.ActiveCfg = Release|Any CPU
		{DAE0B47F-87C7-4CF1-8E7B-3D40D121F294}.Release|Any CPU.Build.0 = Release|Any CPU
		{DAE0B47F-87C7-4CF1-8E7B-3D40D121F294}.Release|x64.ActiveCfg = Release|x64
		{DAE0B47F-87C7-4CF1-8E7B-3D40D121F294}.Release|x64.Build.0 = Release|x64
		{7961ECFC-7C3C-4FDA-B608-C777157152B7}.Debug|Any CPU.ActiveCfg = Debug|Any CPU
		{7961ECFC-7C3C-4FDA-B608-C777157152B7}.Debug|Any CPU.Build.0 = Debug|Any CPU
		{7961ECFC-7C3C-4FDA-B608-C777157152B7}.Debug|x64.ActiveCfg = Debug|x64
		{7961ECFC-7C3C-4FDA-B608-C777157152B7}.Debug|x64.Build.0 = Debug|x64
		{7961ECFC-7C3C-4FDA-B608-C777157152B7}.Release|Any CPU.ActiveCfg = Release|Any CPU
		{7961ECFC-7C3C-4FDA-B608-C777157152B7}.Release|Any CPU.Build.0 = Release|Any CPU
		{7961ECFC-7C3C-4FDA-B608-C777157152B7}.Release|x64.ActiveCfg = Release|x64
		{7961ECFC-7C3C-4FDA-B608-C777157152B7}.Release|x64.Build.0 = Release|x64
	EndGlobalSection
	GlobalSection(SolutionProperties) = preSolution
		HideSolutionNode = FALSE
	EndGlobalSection
	GlobalSection(ExtensibilityGlobals) = postSolution
		SolutionGuid = {5C740554-2C74-43E4-A4E4-18470A63F53E}
	EndGlobalSection
EndGlobal
